
Microsoft Visual Studio Solution File, Format Version 12.00
# Visual Studio Version 16
VisualStudioVersion = 16.0.30621.155
MinimumVisualStudioVersion = 10.0.40219.1
Project("{8BC9CEB8-8B4A-11D0-8D11-00A0C91BC942}") = "Laboratoire 1", "Laboratoire 1\Laboratoire 1.vcxproj", "{7EE15FDC-C35A-4C16-8C81-1AFA1C94FBAE}"
EndProject
Global
	GlobalSection(SolutionConfigurationPlatforms) = preSolution
		Debug|x64 = Debug|x64
		Release|x64 = Release|x64
	EndGlobalSection
	GlobalSection(ProjectConfigurationPlatforms) = postSolution
		{7EE15FDC-C35A-4C16-8C81-1AFA1C94FBAE}.Debug|x64.ActiveCfg = Debug|x64
		{7EE15FDC-C35A-4C16-8C81-1AFA1C94FBAE}.Debug|x64.Build.0 = Debug|x64
		{7EE15FDC-C35A-4C16-8C81-1AFA1C94FBAE}.Release|x64.ActiveCfg = Release|x64
		{7EE15FDC-C35A-4C16-8C81-1AFA1C94FBAE}.Release|x64.Build.0 = Release|x64
	EndGlobalSection
	GlobalSection(SolutionProperties) = preSolution
		HideSolutionNode = FALSE
	EndGlobalSection
	GlobalSection(ExtensibilityGlobals) = postSolution
		SolutionGuid = {4C107094-70A4-4D38-B232-B0374230FA4C}
	EndGlobalSection
EndGlobal
